// !$*UTF8*$!
{
	archiveVersion = 1;
	classes = {
	};
	objectVersion = 56;
	objects = {

/* Begin PBXBuildFile section */
		DC00212C2A1D1A7900B319C4 /* timezoneicon.png in Resources */ = {isa = PBXBuildFile; fileRef = DC00212B2A1D1A7900B319C4 /* timezoneicon.png */; };
		DC00212D2A1D1A7900B319C4 /* timezoneicon.png in Resources */ = {isa = PBXBuildFile; fileRef = DC00212B2A1D1A7900B319C4 /* timezoneicon.png */; };
		DC47BCBE2A06746400E5CFCD /* MapView.swift in Sources */ = {isa = PBXBuildFile; fileRef = DC47BCBD2A06746400E5CFCD /* MapView.swift */; };
		DC47BCBF2A06746400E5CFCD /* MapView.swift in Sources */ = {isa = PBXBuildFile; fileRef = DC47BCBD2A06746400E5CFCD /* MapView.swift */; };
		DC47BCC12A06864600E5CFCD /* DataModel.swift in Sources */ = {isa = PBXBuildFile; fileRef = DC47BCC02A06864600E5CFCD /* DataModel.swift */; };
		DC47BCC22A06864600E5CFCD /* DataModel.swift in Sources */ = {isa = PBXBuildFile; fileRef = DC47BCC02A06864600E5CFCD /* DataModel.swift */; };
		DC60A8002A0792FC0054F04B /* MapViewModel.swift in Sources */ = {isa = PBXBuildFile; fileRef = DC60A7FF2A0792FB0054F04B /* MapViewModel.swift */; };
		DC60A8012A0792FE0054F04B /* MapViewModel.swift in Sources */ = {isa = PBXBuildFile; fileRef = DC60A7FF2A0792FB0054F04B /* MapViewModel.swift */; };
		DC94D98829F7C47600C9745A /* Assignment2App.swift in Sources */ = {isa = PBXBuildFile; fileRef = DC94D98729F7C47600C9745A /* Assignment2App.swift */; };
		DC94D98A29F7C47600C9745A /* ContentView.swift in Sources */ = {isa = PBXBuildFile; fileRef = DC94D98929F7C47600C9745A /* ContentView.swift */; };
		DC94D98C29F7C47800C9745A /* Assets.xcassets in Resources */ = {isa = PBXBuildFile; fileRef = DC94D98B29F7C47800C9745A /* Assets.xcassets */; };
		DC94D98F29F7C47800C9745A /* Preview Assets.xcassets in Resources */ = {isa = PBXBuildFile; fileRef = DC94D98E29F7C47800C9745A /* Preview Assets.xcassets */; };
		DC94D99929F7C47800C9745A /* Assignment2Tests.swift in Sources */ = {isa = PBXBuildFile; fileRef = DC94D99829F7C47800C9745A /* Assignment2Tests.swift */; };
		DC94D9A329F7C47800C9745A /* Assignment2UITests.swift in Sources */ = {isa = PBXBuildFile; fileRef = DC94D9A229F7C47800C9745A /* Assignment2UITests.swift */; };
		DC94D9A529F7C47800C9745A /* Assignment2UITestsLaunchTests.swift in Sources */ = {isa = PBXBuildFile; fileRef = DC94D9A429F7C47800C9745A /* Assignment2UITestsLaunchTests.swift */; };
		DC94D9B829F7C60D00C9745A /* Persistence.swift in Sources */ = {isa = PBXBuildFile; fileRef = DC94D9B729F7C60D00C9745A /* Persistence.swift */; };
		DC94D9BB29F908CD00C9745A /* Coredata.xcdatamodeld in Sources */ = {isa = PBXBuildFile; fileRef = DC94D9B929F908CD00C9745A /* Coredata.xcdatamodeld */; };
		DC94D9BE29F917A600C9745A /* ViewModel.swift in Sources */ = {isa = PBXBuildFile; fileRef = DC94D9BD29F917A600C9745A /* ViewModel.swift */; };
		DC94D9C529F9212900C9745A /* DetailView.swift in Sources */ = {isa = PBXBuildFile; fileRef = DC94D9C429F9212900C9745A /* DetailView.swift */; };
		DC94D9C729F959D700C9745A /* RowView.swift in Sources */ = {isa = PBXBuildFile; fileRef = DC94D9C629F959D700C9745A /* RowView.swift */; };
		DCA2205529FD907F004A3BD9 /* ContentView.swift in Sources */ = {isa = PBXBuildFile; fileRef = DC94D98929F7C47600C9745A /* ContentView.swift */; };
		DCA2205629FD9083004A3BD9 /* RowView.swift in Sources */ = {isa = PBXBuildFile; fileRef = DC94D9C629F959D700C9745A /* RowView.swift */; };
		DCA2205729FD9085004A3BD9 /* ViewModel.swift in Sources */ = {isa = PBXBuildFile; fileRef = DC94D9BD29F917A600C9745A /* ViewModel.swift */; };
		DCA2205829FD9087004A3BD9 /* DetailView.swift in Sources */ = {isa = PBXBuildFile; fileRef = DC94D9C429F9212900C9745A /* DetailView.swift */; };
		DCA2205929FD9093004A3BD9 /* Persistence.swift in Sources */ = {isa = PBXBuildFile; fileRef = DC94D9B729F7C60D00C9745A /* Persistence.swift */; };
		DCA2205B29FD9A9F004A3BD9 /* Readme.md in Resources */ = {isa = PBXBuildFile; fileRef = DCA2205A29FD9A9F004A3BD9 /* Readme.md */; };
		DCA2205C29FE866A004A3BD9 /* Assignment2App.swift in Sources */ = {isa = PBXBuildFile; fileRef = DC94D98729F7C47600C9745A /* Assignment2App.swift */; };
		DCA2205D29FE866F004A3BD9 /* Coredata.xcdatamodeld in Sources */ = {isa = PBXBuildFile; fileRef = DC94D9B929F908CD00C9745A /* Coredata.xcdatamodeld */; };
		DCA2205F29FE8B90004A3BD9 /* searchView.swift in Sources */ = {isa = PBXBuildFile; fileRef = DCA2205E29FE8B90004A3BD9 /* searchView.swift */; };
		DCEC37CF2A1CA0F80098BBB0 /* searchView.swift in Sources */ = {isa = PBXBuildFile; fileRef = DCA2205E29FE8B90004A3BD9 /* searchView.swift */; };
		DCF5D1C02A0FE9CF007F12CD /* Documentation.docc in Sources */ = {isa = PBXBuildFile; fileRef = DCF5D1BF2A0FE9CF007F12CD /* Documentation.docc */; };
/* End PBXBuildFile section */

/* Begin PBXContainerItemProxy section */
		DC94D99529F7C47800C9745A /* PBXContainerItemProxy */ = {
			isa = PBXContainerItemProxy;
			containerPortal = DC94D97C29F7C47600C9745A /* Project object */;
			proxyType = 1;
			remoteGlobalIDString = DC94D98329F7C47600C9745A;
			remoteInfo = Assignment2;
		};
		DC94D99F29F7C47800C9745A /* PBXContainerItemProxy */ = {
			isa = PBXContainerItemProxy;
			containerPortal = DC94D97C29F7C47600C9745A /* Project object */;
			proxyType = 1;
			remoteGlobalIDString = DC94D98329F7C47600C9745A;
			remoteInfo = Assignment2;
		};
/* End PBXContainerItemProxy section */

/* Begin PBXFileReference section */
		DC00212B2A1D1A7900B319C4 /* timezoneicon.png */ = {isa = PBXFileReference; lastKnownFileType = image.png; name = timezoneicon.png; path = "../../../../Downloads/icons8-timezone-ios-16-glyph/timezoneicon.png"; sourceTree = "<group>"; };
		DC47BCBD2A06746400E5CFCD /* MapView.swift */ = {isa = PBXFileReference; lastKnownFileType = sourcecode.swift; path = MapView.swift; sourceTree = "<group>"; };
		DC47BCC02A06864600E5CFCD /* DataModel.swift */ = {isa = PBXFileReference; lastKnownFileType = sourcecode.swift; path = DataModel.swift; sourceTree = "<group>"; };
		DC60A7FF2A0792FB0054F04B /* MapViewModel.swift */ = {isa = PBXFileReference; lastKnownFileType = sourcecode.swift; path = MapViewModel.swift; sourceTree = "<group>"; };
		DC94D98429F7C47600C9745A /* Assignment2.app */ = {isa = PBXFileReference; explicitFileType = wrapper.application; includeInIndex = 0; path = Assignment2.app; sourceTree = BUILT_PRODUCTS_DIR; };
		DC94D98729F7C47600C9745A /* Assignment2App.swift */ = {isa = PBXFileReference; lastKnownFileType = sourcecode.swift; path = Assignment2App.swift; sourceTree = "<group>"; };
		DC94D98929F7C47600C9745A /* ContentView.swift */ = {isa = PBXFileReference; lastKnownFileType = sourcecode.swift; path = ContentView.swift; sourceTree = "<group>"; };
		DC94D98B29F7C47800C9745A /* Assets.xcassets */ = {isa = PBXFileReference; lastKnownFileType = folder.assetcatalog; path = Assets.xcassets; sourceTree = "<group>"; };
		DC94D98E29F7C47800C9745A /* Preview Assets.xcassets */ = {isa = PBXFileReference; lastKnownFileType = folder.assetcatalog; path = "Preview Assets.xcassets"; sourceTree = "<group>"; };
		DC94D99429F7C47800C9745A /* Assignment2Tests.xctest */ = {isa = PBXFileReference; explicitFileType = wrapper.cfbundle; includeInIndex = 0; path = Assignment2Tests.xctest; sourceTree = BUILT_PRODUCTS_DIR; };
		DC94D99829F7C47800C9745A /* Assignment2Tests.swift */ = {isa = PBXFileReference; lastKnownFileType = sourcecode.swift; path = Assignment2Tests.swift; sourceTree = "<group>"; };
		DC94D99E29F7C47800C9745A /* Assignment2UITests.xctest */ = {isa = PBXFileReference; explicitFileType = wrapper.cfbundle; includeInIndex = 0; path = Assignment2UITests.xctest; sourceTree = BUILT_PRODUCTS_DIR; };
		DC94D9A229F7C47800C9745A /* Assignment2UITests.swift */ = {isa = PBXFileReference; lastKnownFileType = sourcecode.swift; path = Assignment2UITests.swift; sourceTree = "<group>"; };
		DC94D9A429F7C47800C9745A /* Assignment2UITestsLaunchTests.swift */ = {isa = PBXFileReference; lastKnownFileType = sourcecode.swift; path = Assignment2UITestsLaunchTests.swift; sourceTree = "<group>"; };
		DC94D9B729F7C60D00C9745A /* Persistence.swift */ = {isa = PBXFileReference; lastKnownFileType = sourcecode.swift; path = Persistence.swift; sourceTree = "<group>"; };
		DC94D9BA29F908CD00C9745A /* Coredata.xcdatamodel */ = {isa = PBXFileReference; lastKnownFileType = wrapper.xcdatamodel; path = Coredata.xcdatamodel; sourceTree = "<group>"; };
		DC94D9BD29F917A600C9745A /* ViewModel.swift */ = {isa = PBXFileReference; lastKnownFileType = sourcecode.swift; path = ViewModel.swift; sourceTree = "<group>"; };
		DC94D9C429F9212900C9745A /* DetailView.swift */ = {isa = PBXFileReference; lastKnownFileType = sourcecode.swift; path = DetailView.swift; sourceTree = "<group>"; };
		DC94D9C629F959D700C9745A /* RowView.swift */ = {isa = PBXFileReference; lastKnownFileType = sourcecode.swift; path = RowView.swift; sourceTree = "<group>"; };
		DCA2205A29FD9A9F004A3BD9 /* Readme.md */ = {isa = PBXFileReference; lastKnownFileType = net.daringfireball.markdown; path = Readme.md; sourceTree = "<group>"; };
		DCA2205E29FE8B90004A3BD9 /* searchView.swift */ = {isa = PBXFileReference; lastKnownFileType = sourcecode.swift; path = searchView.swift; sourceTree = "<group>"; };
		DCF5D1BF2A0FE9CF007F12CD /* Documentation.docc */ = {isa = PBXFileReference; lastKnownFileType = folder.documentationcatalog; path = Documentation.docc; sourceTree = "<group>"; };
/* End PBXFileReference section */

/* Begin PBXFrameworksBuildPhase section */
		DC94D98129F7C47600C9745A /* Frameworks */ = {
			isa = PBXFrameworksBuildPhase;
			buildActionMask = 2147483647;
			files = (
			);
			runOnlyForDeploymentPostprocessing = 0;
		};
		DC94D99129F7C47800C9745A /* Frameworks */ = {
			isa = PBXFrameworksBuildPhase;
			buildActionMask = 2147483647;
			files = (
			);
			runOnlyForDeploymentPostprocessing = 0;
		};
		DC94D99B29F7C47800C9745A /* Frameworks */ = {
			isa = PBXFrameworksBuildPhase;
			buildActionMask = 2147483647;
			files = (
			);
			runOnlyForDeploymentPostprocessing = 0;
		};
/* End PBXFrameworksBuildPhase section */

/* Begin PBXGroup section */
		DC00212A2A1D1A0C00B319C4 /* resource */ = {
			isa = PBXGroup;
			children = (
				DC00212B2A1D1A7900B319C4 /* timezoneicon.png */,
			);
			path = resource;
			sourceTree = "<group>";
		};
		DC47BCBC2A06744A00E5CFCD /* MapView */ = {
			isa = PBXGroup;
			children = (
				DC47BCBD2A06746400E5CFCD /* MapView.swift */,
			);
			path = MapView;
			sourceTree = "<group>";
		};
		DC94D97B29F7C47600C9745A = {
			isa = PBXGroup;
			children = (
				DCF5D1BF2A0FE9CF007F12CD /* Documentation.docc */,
				DCA2205A29FD9A9F004A3BD9 /* Readme.md */,
				DC94D98629F7C47600C9745A /* Assignment2 */,
				DC94D99729F7C47800C9745A /* Assignment2Tests */,
				DC94D9A129F7C47800C9745A /* Assignment2UITests */,
				DC94D98529F7C47600C9745A /* Products */,
			);
			sourceTree = "<group>";
		};
		DC94D98529F7C47600C9745A /* Products */ = {
			isa = PBXGroup;
			children = (
				DC94D98429F7C47600C9745A /* Assignment2.app */,
				DC94D99429F7C47800C9745A /* Assignment2Tests.xctest */,
				DC94D99E29F7C47800C9745A /* Assignment2UITests.xctest */,
			);
			name = Products;
			sourceTree = "<group>";
		};
		DC94D98629F7C47600C9745A /* Assignment2 */ = {
			isa = PBXGroup;
			children = (
				DC00212A2A1D1A0C00B319C4 /* resource */,
				DC94D98729F7C47600C9745A /* Assignment2App.swift */,
				DC94D9B229F7C59800C9745A /* View */,
				DC94D9B129F7C58B00C9745A /* Data */,
				DC94D98B29F7C47800C9745A /* Assets.xcassets */,
				DC94D98D29F7C47800C9745A /* Preview Content */,
			);
			path = Assignment2;
			sourceTree = "<group>";
		};
		DC94D98D29F7C47800C9745A /* Preview Content */ = {
			isa = PBXGroup;
			children = (
				DC94D98E29F7C47800C9745A /* Preview Assets.xcassets */,
			);
			path = "Preview Content";
			sourceTree = "<group>";
		};
		DC94D99729F7C47800C9745A /* Assignment2Tests */ = {
			isa = PBXGroup;
			children = (
				DC94D99829F7C47800C9745A /* Assignment2Tests.swift */,
			);
			path = Assignment2Tests;
			sourceTree = "<group>";
		};
		DC94D9A129F7C47800C9745A /* Assignment2UITests */ = {
			isa = PBXGroup;
			children = (
				DC94D9A229F7C47800C9745A /* Assignment2UITests.swift */,
				DC94D9A429F7C47800C9745A /* Assignment2UITestsLaunchTests.swift */,
			);
			path = Assignment2UITests;
			sourceTree = "<group>";
		};
		DC94D9B129F7C58B00C9745A /* Data */ = {
			isa = PBXGroup;
			children = (
				DC94D9B729F7C60D00C9745A /* Persistence.swift */,
				DC94D9B929F908CD00C9745A /* Coredata.xcdatamodeld */,
			);
			path = Data;
			sourceTree = "<group>";
		};
		DC94D9B229F7C59800C9745A /* View */ = {
			isa = PBXGroup;
			children = (
				DC47BCBC2A06744A00E5CFCD /* MapView */,
				DC94D9C329F9211F00C9745A /* DetailView */,
				DC94D9BC29F9177C00C9745A /* ViewModel */,
				DC94D9B329F7C5AA00C9745A /* Mainview */,
			);
			path = View;
			sourceTree = "<group>";
		};
		DC94D9B329F7C5AA00C9745A /* Mainview */ = {
			isa = PBXGroup;
			children = (
				DC94D9C629F959D700C9745A /* RowView.swift */,
				DC94D98929F7C47600C9745A /* ContentView.swift */,
				DCA2205E29FE8B90004A3BD9 /* searchView.swift */,
			);
			path = Mainview;
			sourceTree = "<group>";
		};
		DC94D9BC29F9177C00C9745A /* ViewModel */ = {
			isa = PBXGroup;
			children = (
				DC94D9BD29F917A600C9745A /* ViewModel.swift */,
				DC47BCC02A06864600E5CFCD /* DataModel.swift */,
				DC60A7FF2A0792FB0054F04B /* MapViewModel.swift */,
			);
			path = ViewModel;
			sourceTree = "<group>";
		};
		DC94D9C329F9211F00C9745A /* DetailView */ = {
			isa = PBXGroup;
			children = (
				DC94D9C429F9212900C9745A /* DetailView.swift */,
			);
			path = DetailView;
			sourceTree = "<group>";
		};
/* End PBXGroup section */

/* Begin PBXNativeTarget section */
		DC94D98329F7C47600C9745A /* Assignment2 */ = {
			isa = PBXNativeTarget;
			buildConfigurationList = DC94D9A829F7C47800C9745A /* Build configuration list for PBXNativeTarget "Assignment2" */;
			buildPhases = (
				DC94D98029F7C47600C9745A /* Sources */,
				DC94D98129F7C47600C9745A /* Frameworks */,
				DC94D98229F7C47600C9745A /* Resources */,
			);
			buildRules = (
			);
			dependencies = (
			);
			name = Assignment2;
			productName = Assignment2;
			productReference = DC94D98429F7C47600C9745A /* Assignment2.app */;
			productType = "com.apple.product-type.application";
		};
		DC94D99329F7C47800C9745A /* Assignment2Tests */ = {
			isa = PBXNativeTarget;
			buildConfigurationList = DC94D9AB29F7C47800C9745A /* Build configuration list for PBXNativeTarget "Assignment2Tests" */;
			buildPhases = (
				DC94D99029F7C47800C9745A /* Sources */,
				DC94D99129F7C47800C9745A /* Frameworks */,
				DC94D99229F7C47800C9745A /* Resources */,
			);
			buildRules = (
			);
			dependencies = (
				DC94D99629F7C47800C9745A /* PBXTargetDependency */,
			);
			name = Assignment2Tests;
			productName = Assignment2Tests;
			productReference = DC94D99429F7C47800C9745A /* Assignment2Tests.xctest */;
			productType = "com.apple.product-type.bundle.unit-test";
		};
		DC94D99D29F7C47800C9745A /* Assignment2UITests */ = {
			isa = PBXNativeTarget;
			buildConfigurationList = DC94D9AE29F7C47800C9745A /* Build configuration list for PBXNativeTarget "Assignment2UITests" */;
			buildPhases = (
				DC94D99A29F7C47800C9745A /* Sources */,
				DC94D99B29F7C47800C9745A /* Frameworks */,
				DC94D99C29F7C47800C9745A /* Resources */,
			);
			buildRules = (
			);
			dependencies = (
				DC94D9A029F7C47800C9745A /* PBXTargetDependency */,
			);
			name = Assignment2UITests;
			productName = Assignment2UITests;
			productReference = DC94D99E29F7C47800C9745A /* Assignment2UITests.xctest */;
			productType = "com.apple.product-type.bundle.ui-testing";
		};
/* End PBXNativeTarget section */

/* Begin PBXProject section */
		DC94D97C29F7C47600C9745A /* Project object */ = {
			isa = PBXProject;
			attributes = {
				BuildIndependentTargetsInParallel = 1;
				LastSwiftUpdateCheck = 1420;
				LastUpgradeCheck = 1420;
				TargetAttributes = {
					DC94D98329F7C47600C9745A = {
						CreatedOnToolsVersion = 14.2;
					};
					DC94D99329F7C47800C9745A = {
						CreatedOnToolsVersion = 14.2;
						TestTargetID = DC94D98329F7C47600C9745A;
					};
					DC94D99D29F7C47800C9745A = {
						CreatedOnToolsVersion = 14.2;
						TestTargetID = DC94D98329F7C47600C9745A;
					};
				};
			};
			buildConfigurationList = DC94D97F29F7C47600C9745A /* Build configuration list for PBXProject "Assignment2" */;
			compatibilityVersion = "Xcode 14.0";
			developmentRegion = en;
			hasScannedForEncodings = 0;
			knownRegions = (
				en,
				Base,
			);
			mainGroup = DC94D97B29F7C47600C9745A;
			productRefGroup = DC94D98529F7C47600C9745A /* Products */;
			projectDirPath = "";
			projectRoot = "";
			targets = (
				DC94D98329F7C47600C9745A /* Assignment2 */,
				DC94D99329F7C47800C9745A /* Assignment2Tests */,
				DC94D99D29F7C47800C9745A /* Assignment2UITests */,
			);
		};
/* End PBXProject section */

/* Begin PBXResourcesBuildPhase section */
		DC94D98229F7C47600C9745A /* Resources */ = {
			isa = PBXResourcesBuildPhase;
			buildActionMask = 2147483647;
			files = (
				DC94D98F29F7C47800C9745A /* Preview Assets.xcassets in Resources */,
				DC94D98C29F7C47800C9745A /* Assets.xcassets in Resources */,
				DCA2205B29FD9A9F004A3BD9 /* Readme.md in Resources */,
				DC00212C2A1D1A7900B319C4 /* timezoneicon.png in Resources */,
			);
			runOnlyForDeploymentPostprocessing = 0;
		};
		DC94D99229F7C47800C9745A /* Resources */ = {
			isa = PBXResourcesBuildPhase;
			buildActionMask = 2147483647;
			files = (
				DC00212D2A1D1A7900B319C4 /* timezoneicon.png in Resources */,
			);
			runOnlyForDeploymentPostprocessing = 0;
		};
		DC94D99C29F7C47800C9745A /* Resources */ = {
			isa = PBXResourcesBuildPhase;
			buildActionMask = 2147483647;
			files = (
			);
			runOnlyForDeploymentPostprocessing = 0;
		};
/* End PBXResourcesBuildPhase section */

/* Begin PBXSourcesBuildPhase section */
		DC94D98029F7C47600C9745A /* Sources */ = {
			isa = PBXSourcesBuildPhase;
			buildActionMask = 2147483647;
			files = (
				DC94D9BE29F917A600C9745A /* ViewModel.swift in Sources */,
				DC94D9C529F9212900C9745A /* DetailView.swift in Sources */,
				DC94D9C729F959D700C9745A /* RowView.swift in Sources */,
				DC94D9BB29F908CD00C9745A /* Coredata.xcdatamodeld in Sources */,
				DCA2205F29FE8B90004A3BD9 /* searchView.swift in Sources */,
				DC47BCC12A06864600E5CFCD /* DataModel.swift in Sources */,
				DC60A8002A0792FC0054F04B /* MapViewModel.swift in Sources */,
				DCF5D1C02A0FE9CF007F12CD /* Documentation.docc in Sources */,
				DC94D9B829F7C60D00C9745A /* Persistence.swift in Sources */,
				DC94D98A29F7C47600C9745A /* ContentView.swift in Sources */,
				DC47BCBE2A06746400E5CFCD /* MapView.swift in Sources */,
				DC94D98829F7C47600C9745A /* Assignment2App.swift in Sources */,
			);
			runOnlyForDeploymentPostprocessing = 0;
		};
		DC94D99029F7C47800C9745A /* Sources */ = {
			isa = PBXSourcesBuildPhase;
			buildActionMask = 2147483647;
			files = (
				DCA2205D29FE866F004A3BD9 /* Coredata.xcdatamodeld in Sources */,
				DCA2205529FD907F004A3BD9 /* ContentView.swift in Sources */,
				DCA2205629FD9083004A3BD9 /* RowView.swift in Sources */,
				DCA2205729FD9085004A3BD9 /* ViewModel.swift in Sources */,
				DCA2205C29FE866A004A3BD9 /* Assignment2App.swift in Sources */,
				DC47BCC22A06864600E5CFCD /* DataModel.swift in Sources */,
				DC60A8012A0792FE0054F04B /* MapViewModel.swift in Sources */,
				DCA2205929FD9093004A3BD9 /* Persistence.swift in Sources */,
				DCEC37CF2A1CA0F80098BBB0 /* searchView.swift in Sources */,
				DCA2205829FD9087004A3BD9 /* DetailView.swift in Sources */,
				DC47BCBF2A06746400E5CFCD /* MapView.swift in Sources */,
				DC94D99929F7C47800C9745A /* Assignment2Tests.swift in Sources */,
			);
			runOnlyForDeploymentPostprocessing = 0;
		};
		DC94D99A29F7C47800C9745A /* Sources */ = {
			isa = PBXSourcesBuildPhase;
			buildActionMask = 2147483647;
			files = (
				DC94D9A529F7C47800C9745A /* Assignment2UITestsLaunchTests.swift in Sources */,
				DC94D9A329F7C47800C9745A /* Assignment2UITests.swift in Sources */,
			);
			runOnlyForDeploymentPostprocessing = 0;
		};
/* End PBXSourcesBuildPhase section */

/* Begin PBXTargetDependency section */
		DC94D99629F7C47800C9745A /* PBXTargetDependency */ = {
			isa = PBXTargetDependency;
			target = DC94D98329F7C47600C9745A /* Assignment2 */;
			targetProxy = DC94D99529F7C47800C9745A /* PBXContainerItemProxy */;
		};
		DC94D9A029F7C47800C9745A /* PBXTargetDependency */ = {
			isa = PBXTargetDependency;
			target = DC94D98329F7C47600C9745A /* Assignment2 */;
			targetProxy = DC94D99F29F7C47800C9745A /* PBXContainerItemProxy */;
		};
/* End PBXTargetDependency section */

/* Begin XCBuildConfiguration section */
		DC94D9A629F7C47800C9745A /* Debug */ = {
			isa = XCBuildConfiguration;
			buildSettings = {
				ALWAYS_SEARCH_USER_PATHS = NO;
				CLANG_ANALYZER_NONNULL = YES;
				CLANG_ANALYZER_NUMBER_OBJECT_CONVERSION = YES_AGGRESSIVE;
				CLANG_CXX_LANGUAGE_STANDARD = "gnu++20";
				CLANG_ENABLE_MODULES = YES;
				CLANG_ENABLE_OBJC_ARC = YES;
				CLANG_ENABLE_OBJC_WEAK = YES;
				CLANG_WARN_BLOCK_CAPTURE_AUTORELEASING = YES;
				CLANG_WARN_BOOL_CONVERSION = YES;
				CLANG_WARN_COMMA = YES;
				CLANG_WARN_CONSTANT_CONVERSION = YES;
				CLANG_WARN_DEPRECATED_OBJC_IMPLEMENTATIONS = YES;
				CLANG_WARN_DIRECT_OBJC_ISA_USAGE = YES_ERROR;
				CLANG_WARN_DOCUMENTATION_COMMENTS = YES;
				CLANG_WARN_EMPTY_BODY = YES;
				CLANG_WARN_ENUM_CONVERSION = YES;
				CLANG_WARN_INFINITE_RECURSION = YES;
				CLANG_WARN_INT_CONVERSION = YES;
				CLANG_WARN_NON_LITERAL_NULL_CONVERSION = YES;
				CLANG_WARN_OBJC_IMPLICIT_RETAIN_SELF = YES;
				CLANG_WARN_OBJC_LITERAL_CONVERSION = YES;
				CLANG_WARN_OBJC_ROOT_CLASS = YES_ERROR;
				CLANG_WARN_QUOTED_INCLUDE_IN_FRAMEWORK_HEADER = YES;
				CLANG_WARN_RANGE_LOOP_ANALYSIS = YES;
				CLANG_WARN_STRICT_PROTOTYPES = YES;
				CLANG_WARN_SUSPICIOUS_MOVE = YES;
				CLANG_WARN_UNGUARDED_AVAILABILITY = YES_AGGRESSIVE;
				CLANG_WARN_UNREACHABLE_CODE = YES;
				CLANG_WARN__DUPLICATE_METHOD_MATCH = YES;
				COPY_PHASE_STRIP = NO;
				DEBUG_INFORMATION_FORMAT = dwarf;
				ENABLE_STRICT_OBJC_MSGSEND = YES;
				ENABLE_TESTABILITY = YES;
				GCC_C_LANGUAGE_STANDARD = gnu11;
				GCC_DYNAMIC_NO_PIC = NO;
				GCC_NO_COMMON_BLOCKS = YES;
				GCC_OPTIMIZATION_LEVEL = 0;
				GCC_PREPROCESSOR_DEFINITIONS = (
					"DEBUG=1",
					"$(inherited)",
				);
				GCC_WARN_64_TO_32_BIT_CONVERSION = YES;
				GCC_WARN_ABOUT_RETURN_TYPE = YES_ERROR;
				GCC_WARN_UNDECLARED_SELECTOR = YES;
				GCC_WARN_UNINITIALIZED_AUTOS = YES_AGGRESSIVE;
				GCC_WARN_UNUSED_FUNCTION = YES;
				GCC_WARN_UNUSED_VARIABLE = YES;
				IPHONEOS_DEPLOYMENT_TARGET = 16.2;
				MTL_ENABLE_DEBUG_INFO = INCLUDE_SOURCE;
				MTL_FAST_MATH = YES;
				ONLY_ACTIVE_ARCH = YES;
				SDKROOT = iphoneos;
				SWIFT_ACTIVE_COMPILATION_CONDITIONS = DEBUG;
				SWIFT_OPTIMIZATION_LEVEL = "-Onone";
			};
			name = Debug;
		};
		DC94D9A729F7C47800C9745A /* Release */ = {
			isa = XCBuildConfiguration;
			buildSettings = {
				ALWAYS_SEARCH_USER_PATHS = NO;
				CLANG_ANALYZER_NONNULL = YES;
				CLANG_ANALYZER_NUMBER_OBJECT_CONVERSION = YES_AGGRESSIVE;
				CLANG_CXX_LANGUAGE_STANDARD = "gnu++20";
				CLANG_ENABLE_MODULES = YES;
				CLANG_ENABLE_OBJC_ARC = YES;
				CLANG_ENABLE_OBJC_WEAK = YES;
				CLANG_WARN_BLOCK_CAPTURE_AUTORELEASING = YES;
				CLANG_WARN_BOOL_CONVERSION = YES;
				CLANG_WARN_COMMA = YES;
				CLANG_WARN_CONSTANT_CONVERSION = YES;
				CLANG_WARN_DEPRECATED_OBJC_IMPLEMENTATIONS = YES;
				CLANG_WARN_DIRECT_OBJC_ISA_USAGE = YES_ERROR;
				CLANG_WARN_DOCUMENTATION_COMMENTS = YES;
				CLANG_WARN_EMPTY_BODY = YES;
				CLANG_WARN_ENUM_CONVERSION = YES;
				CLANG_WARN_INFINITE_RECURSION = YES;
				CLANG_WARN_INT_CONVERSION = YES;
				CLANG_WARN_NON_LITERAL_NULL_CONVERSION = YES;
				CLANG_WARN_OBJC_IMPLICIT_RETAIN_SELF = YES;
				CLANG_WARN_OBJC_LITERAL_CONVERSION = YES;
				CLANG_WARN_OBJC_ROOT_CLASS = YES_ERROR;
				CLANG_WARN_QUOTED_INCLUDE_IN_FRAMEWORK_HEADER = YES;
				CLANG_WARN_RANGE_LOOP_ANALYSIS = YES;
				CLANG_WARN_STRICT_PROTOTYPES = YES;
				CLANG_WARN_SUSPICIOUS_MOVE = YES;
				CLANG_WARN_UNGUARDED_AVAILABILITY = YES_AGGRESSIVE;
				CLANG_WARN_UNREACHABLE_CODE = YES;
				CLANG_WARN__DUPLICATE_METHOD_MATCH = YES;
				COPY_PHASE_STRIP = NO;
				DEBUG_INFORMATION_FORMAT = "dwarf-with-dsym";
				ENABLE_NS_ASSERTIONS = NO;
				ENABLE_STRICT_OBJC_MSGSEND = YES;
				GCC_C_LANGUAGE_STANDARD = gnu11;
				GCC_NO_COMMON_BLOCKS = YES;
				GCC_WARN_64_TO_32_BIT_CONVERSION = YES;
				GCC_WARN_ABOUT_RETURN_TYPE = YES_ERROR;
				GCC_WARN_UNDECLARED_SELECTOR = YES;
				GCC_WARN_UNINITIALIZED_AUTOS = YES_AGGRESSIVE;
				GCC_WARN_UNUSED_FUNCTION = YES;
				GCC_WARN_UNUSED_VARIABLE = YES;
				IPHONEOS_DEPLOYMENT_TARGET = 16.2;
				MTL_ENABLE_DEBUG_INFO = NO;
				MTL_FAST_MATH = YES;
				SDKROOT = iphoneos;
				SWIFT_COMPILATION_MODE = wholemodule;
				SWIFT_OPTIMIZATION_LEVEL = "-O";
				VALIDATE_PRODUCT = YES;
			};
			name = Release;
		};
		DC94D9A929F7C47800C9745A /* Debug */ = {
			isa = XCBuildConfiguration;
			buildSettings = {
				ASSETCATALOG_COMPILER_APPICON_NAME = AppIcon;
				ASSETCATALOG_COMPILER_GLOBAL_ACCENT_COLOR_NAME = AccentColor;
				CODE_SIGN_STYLE = Automatic;
				CURRENT_PROJECT_VERSION = 1;
				DEVELOPMENT_ASSET_PATHS = "\"Assignment2/Preview Content\"";
				DEVELOPMENT_TEAM = B45N4V52V2;
				ENABLE_PREVIEWS = YES;
				GENERATE_INFOPLIST_FILE = YES;
				INFOPLIST_KEY_UIApplicationSceneManifest_Generation = YES;
				INFOPLIST_KEY_UIApplicationSupportsIndirectInputEvents = YES;
				INFOPLIST_KEY_UILaunchScreen_Generation = YES;
				INFOPLIST_KEY_UISupportedInterfaceOrientations_iPad = "UIInterfaceOrientationPortrait UIInterfaceOrientationPortraitUpsideDown UIInterfaceOrientationLandscapeLeft UIInterfaceOrientationLandscapeRight";
				INFOPLIST_KEY_UISupportedInterfaceOrientations_iPhone = "UIInterfaceOrientationPortrait UIInterfaceOrientationLandscapeLeft UIInterfaceOrientationLandscapeRight";
				LD_RUNPATH_SEARCH_PATHS = (
					"$(inherited)",
					"@executable_path/Frameworks",
				);
				MARKETING_VERSION = 1.0;
				PRODUCT_BUNDLE_IDENTIFIER = WWC.Assignment2;
				PRODUCT_NAME = "$(TARGET_NAME)";
				SWIFT_EMIT_LOC_STRINGS = YES;
				SWIFT_VERSION = 5.0;
				TARGETED_DEVICE_FAMILY = "1,2";
			};
			name = Debug;
		};
		DC94D9AA29F7C47800C9745A /* Release */ = {
			isa = XCBuildConfiguration;
			buildSettings = {
				ASSETCATALOG_COMPILER_APPICON_NAME = AppIcon;
				ASSETCATALOG_COMPILER_GLOBAL_ACCENT_COLOR_NAME = AccentColor;
				CODE_SIGN_STYLE = Automatic;
				CURRENT_PROJECT_VERSION = 1;
				DEVELOPMENT_ASSET_PATHS = "\"Assignment2/Preview Content\"";
				DEVELOPMENT_TEAM = B45N4V52V2;
				ENABLE_PREVIEWS = YES;
				GENERATE_INFOPLIST_FILE = YES;
				INFOPLIST_KEY_UIApplicationSceneManifest_Generation = YES;
				INFOPLIST_KEY_UIApplicationSupportsIndirectInputEvents = YES;
				INFOPLIST_KEY_UILaunchScreen_Generation = YES;
				INFOPLIST_KEY_UISupportedInterfaceOrientations_iPad = "UIInterfaceOrientationPortrait UIInterfaceOrientationPortraitUpsideDown UIInterfaceOrientationLandscapeLeft UIInterfaceOrientationLandscapeRight";
				INFOPLIST_KEY_UISupportedInterfaceOrientations_iPhone = "UIInterfaceOrientationPortrait UIInterfaceOrientationLandscapeLeft UIInterfaceOrientationLandscapeRight";
				LD_RUNPATH_SEARCH_PATHS = (
					"$(inherited)",
					"@executable_path/Frameworks",
				);
				MARKETING_VERSION = 1.0;
				PRODUCT_BUNDLE_IDENTIFIER = WWC.Assignment2;
				PRODUCT_NAME = "$(TARGET_NAME)";
				SWIFT_EMIT_LOC_STRINGS = YES;
				SWIFT_VERSION = 5.0;
				TARGETED_DEVICE_FAMILY = "1,2";
			};
			name = Release;
		};
		DC94D9AC29F7C47800C9745A /* Debug */ = {
			isa = XCBuildConfiguration;
			buildSettings = {
				ALWAYS_EMBED_SWIFT_STANDARD_LIBRARIES = YES;
				BUNDLE_LOADER = "$(TEST_HOST)";
				CODE_SIGN_STYLE = Automatic;
				CURRENT_PROJECT_VERSION = 1;
				DEVELOPMENT_TEAM = B45N4V52V2;
				GENERATE_INFOPLIST_FILE = YES;
				IPHONEOS_DEPLOYMENT_TARGET = 16.2;
				MARKETING_VERSION = 1.0;
				PRODUCT_BUNDLE_IDENTIFIER = WWC.Assignment2Tests;
				PRODUCT_NAME = "$(TARGET_NAME)";
				SWIFT_EMIT_LOC_STRINGS = NO;
				SWIFT_VERSION = 5.0;
				TARGETED_DEVICE_FAMILY = "1,2";
				TEST_HOST = "$(BUILT_PRODUCTS_DIR)/Assignment2.app/$(BUNDLE_EXECUTABLE_FOLDER_PATH)/Assignment2";
			};
			name = Debug;
		};
		DC94D9AD29F7C47800C9745A /* Release */ = {
			isa = XCBuildConfiguration;
			buildSettings = {
				ALWAYS_EMBED_SWIFT_STANDARD_LIBRARIES = YES;
				BUNDLE_LOADER = "$(TEST_HOST)";
				CODE_SIGN_STYLE = Automatic;
				CURRENT_PROJECT_VERSION = 1;
				DEVELOPMENT_TEAM = B45N4V52V2;
				GENERATE_INFOPLIST_FILE = YES;
				IPHONEOS_DEPLOYMENT_TARGET = 16.2;
				MARKETING_VERSION = 1.0;
				PRODUCT_BUNDLE_IDENTIFIER = WWC.Assignment2Tests;
				PRODUCT_NAME = "$(TARGET_NAME)";
				SWIFT_EMIT_LOC_STRINGS = NO;
				SWIFT_VERSION = 5.0;
				TARGETED_DEVICE_FAMILY = "1,2";
				TEST_HOST = "$(BUILT_PRODUCTS_DIR)/Assignment2.app/$(BUNDLE_EXECUTABLE_FOLDER_PATH)/Assignment2";
			};
			name = Release;
		};
		DC94D9AF29F7C47800C9745A /* Debug */ = {
			isa = XCBuildConfiguration;
			buildSettings = {
				ALWAYS_EMBED_SWIFT_STANDARD_LIBRARIES = YES;
				CODE_SIGN_STYLE = Automatic;
				CURRENT_PROJECT_VERSION = 1;
				DEVELOPMENT_TEAM = B45N4V52V2;
				GENERATE_INFOPLIST_FILE = YES;
				MARKETING_VERSION = 1.0;
				PRODUCT_BUNDLE_IDENTIFIER = WWC.Assignment2UITests;
				PRODUCT_NAME = "$(TARGET_NAME)";
				SWIFT_EMIT_LOC_STRINGS = NO;
				SWIFT_VERSION = 5.0;
				TARGETED_DEVICE_FAMILY = "1,2";
				TEST_TARGET_NAME = Assignment2;
			};
			name = Debug;
		};
		DC94D9B029F7C47800C9745A /* Release */ = {
			isa = XCBuildConfiguration;
			buildSettings = {
				ALWAYS_EMBED_SWIFT_STANDARD_LIBRARIES = YES;
				CODE_SIGN_STYLE = Automatic;
				CURRENT_PROJECT_VERSION = 1;
				DEVELOPMENT_TEAM = B45N4V52V2;
				GENERATE_INFOPLIST_FILE = YES;
				MARKETING_VERSION = 1.0;
				PRODUCT_BUNDLE_IDENTIFIER = WWC.Assignment2UITests;
				PRODUCT_NAME = "$(TARGET_NAME)";
				SWIFT_EMIT_LOC_STRINGS = NO;
				SWIFT_VERSION = 5.0;
				TARGETED_DEVICE_FAMILY = "1,2";
				TEST_TARGET_NAME = Assignment2;
			};
			name = Release;
		};
/* End XCBuildConfiguration section */

/* Begin XCConfigurationList section */
		DC94D97F29F7C47600C9745A /* Build configuration list for PBXProject "Assignment2" */ = {
			isa = XCConfigurationList;
			buildConfigurations = (
				DC94D9A629F7C47800C9745A /* Debug */,
				DC94D9A729F7C47800C9745A /* Release */,
			);
			defaultConfigurationIsVisible = 0;
			defaultConfigurationName = Release;
		};
		DC94D9A829F7C47800C9745A /* Build configuration list for PBXNativeTarget "Assignment2" */ = {
			isa = XCConfigurationList;
			buildConfigurations = (
				DC94D9A929F7C47800C9745A /* Debug */,
				DC94D9AA29F7C47800C9745A /* Release */,
			);
			defaultConfigurationIsVisible = 0;
			defaultConfigurationName = Release;
		};
		DC94D9AB29F7C47800C9745A /* Build configuration list for PBXNativeTarget "Assignment2Tests" */ = {
			isa = XCConfigurationList;
			buildConfigurations = (
				DC94D9AC29F7C47800C9745A /* Debug */,
				DC94D9AD29F7C47800C9745A /* Release */,
			);
			defaultConfigurationIsVisible = 0;
			defaultConfigurationName = Release;
		};
		DC94D9AE29F7C47800C9745A /* Build configuration list for PBXNativeTarget "Assignment2UITests" */ = {
			isa = XCConfigurationList;
			buildConfigurations = (
				DC94D9AF29F7C47800C9745A /* Debug */,
				DC94D9B029F7C47800C9745A /* Release */,
			);
			defaultConfigurationIsVisible = 0;
			defaultConfigurationName = Release;
		};
/* End XCConfigurationList section */

/* Begin XCVersionGroup section */
		DC94D9B929F908CD00C9745A /* Coredata.xcdatamodeld */ = {
			isa = XCVersionGroup;
			children = (
				DC94D9BA29F908CD00C9745A /* Coredata.xcdatamodel */,
			);
			currentVersion = DC94D9BA29F908CD00C9745A /* Coredata.xcdatamodel */;
			path = Coredata.xcdatamodeld;
			sourceTree = "<group>";
			versionGroupType = wrapper.xcdatamodel;
		};
/* End XCVersionGroup section */
	};
	rootObject = DC94D97C29F7C47600C9745A /* Project object */;
}
